{
  "pins" : [
    {
      "identity" : "swift-docc-plugin",
      "kind" : "remoteSourceControl",
      "location" : "https://github.com/apple/swift-docc-plugin",
      "state" : {
        "revision" : "3303b164430d9a7055ba484c8ead67a52f7b74f6",
        "version" : "1.0.0"
      }
    },
    {
      "identity" : "swift-issue-reporting-preview",
      "kind" : "remoteSourceControl",
      "location" : "https://github.com/pointfreeco/swift-issue-reporting-preview",
      "state" : {
        "branch" : "main",
        "revision" : "5d8dcd8c27f58f1280762cc4af49fc6be0181032"
      }
    }
  ],
  "version" : 2
}
